<?xml version="1.0" encoding="utf-8"?>
<Project ToolsVersion="4.0" xmlns="http://schemas.microsoft.com/developer/msbuild/2003">
  <ItemGroup>
    <Filter Include="Source Files">
      <UniqueIdentifier>{038028da-2950-4ee8-a488-ba591dacc404}</UniqueIdentifier>
      <Extensions>cpp;c;cxx;rc;def;r;odl;idl;hpj;bat</Extensions>
    </Filter>
    <Filter Include="Header Files">
      <UniqueIdentifier>{4559626c-42a8-4347-8215-ac2beb2d5a72}</UniqueIdentifier>
      <Extensions>h;hpp;hxx;hm;inl</Extensions>
    </Filter>
    <Filter Include="Resource Files">
      <UniqueIdentifier>{057c5156-c1b6-4d37-aae8-f3fd46104d9a}</UniqueIdentifier>
      <Extensions>ico;cur;bmp;dlg;rc2;rct;bin;rgs;gif;jpg;jpeg;jpe</Extensions>
    </Filter>
  </ItemGroup>
  <ItemGroup>
    <ClCompile Include="1394CamAcq.cpp">
      <Filter>Source Files</Filter>
    </ClCompile>
    <ClCompile Include="1394CamCap.cpp">
      <Filter>Source Files</Filter>
    </ClCompile>
    <ClCompile Include="1394Camera.cpp">
      <Filter>Source Files</Filter>
    </ClCompile>
    <ClCompile Include="1394CameraControl.cpp">
      <Filter>Source Files</Filter>
    </ClCompile>
    <ClCompile Include="1394CameraControlSize.cpp">
      <Filter>Source Files</Filter>
    </ClCompile>
    <ClCompile Include="1394CameraControlStrobe.cpp">
      <Filter>Source Files</Filter>
    </ClCompile>
    <ClCompile Include="1394CameraControlTrigger.cpp">
      <Filter>Source Files</Filter>
    </ClCompile>
    <ClCompile Include="1394CamFMR.cpp">
      <Filter>Source Files</Filter>
    </ClCompile>
    <ClCompile Include="1394CamMem.cpp">
      <Filter>Source Files</Filter>
    </ClCompile>
    <ClCompile Include="1394CamPIO.cpp">
      <Filter>Source Files</Filter>
    </ClCompile>
    <ClCompile Include="1394CamReg.cpp">
      <Filter>Source Files</Filter>
    </ClCompile>
    <ClCompile Include="1394CamRGB.cpp">
      <Filter>Source Files</Filter>
    </ClCompile>
    <ClCompile Include="1394CamSIO.cpp">
      <Filter>Source Files</Filter>
    </ClCompile>
    <ClCompile Include="1394main.c">
      <Filter>Source Files</Filter>
    </ClCompile>
    <ClCompile Include="ControlDialog.cpp">
      <Filter>Source Files</Filter>
    </ClCompile>
    <ClCompile Include="ControlPane.cpp">
      <Filter>Source Files</Filter>
    </ClCompile>
    <ClCompile Include="ControlSizeDialog.cpp">
      <Filter>Source Files</Filter>
    </ClCompile>
    <ClCompile Include="ControlWrappers.cpp">
      <Filter>Source Files</Filter>
    </ClCompile>
    <ClCompile Include="debug.c">
      <Filter>Source Files</Filter>
    </ClCompile>
    <ClCompile Include="isochapi.c">
      <Filter>Source Files</Filter>
    </ClCompile>
    <ClCompile Include="tables.c">
      <Filter>Source Files</Filter>
    </ClCompile>
  </ItemGroup>
  <ItemGroup>
    <ResourceCompile Include="1394camera.rc">
      <Filter>Source Files</Filter>
    </ResourceCompile>
  </ItemGroup>
  <ItemGroup>
    <ClInclude Include="1394camapi.h">
      <Filter>Header Files</Filter>
    </ClInclude>
    <ClInclude Include="1394Camera.h">
      <Filter>Header Files</Filter>
    </ClInclude>
    <ClInclude Include="1394CameraControl.h">
      <Filter>Header Files</Filter>
    </ClInclude>
    <ClInclude Include="1394CameraControlSize.h">
      <Filter>Header Files</Filter>
    </ClInclude>
    <ClInclude Include="1394CameraControlStrobe.h">
      <Filter>Header Files</Filter>
    </ClInclude>
    <ClInclude Include="1394CameraControlTrigger.h">
      <Filter>Header Files</Filter>
    </ClInclude>
    <ClInclude Include="1394common.h">
      <Filter>Header Files</Filter>
    </ClInclude>
    <ClInclude Include="ControlDialog.h">
      <Filter>Header Files</Filter>
    </ClInclude>
    <ClInclude Include="debug.h">
      <Filter>Header Files</Filter>
    </ClInclude>
    <ClInclude Include="pch.h">
      <Filter>Header Files</Filter>
    </ClInclude>
    <ClInclude Include="resource.h">
      <Filter>Header Files</Filter>
    </ClInclude>
  </ItemGroup>
  <ItemGroup>
    <None Include="res\1394CameraDemo.ico">
      <Filter>Resource Files</Filter>
    </None>
  </ItemGroup>
</Project>